// !$*UTF8*$!
{
	archiveVersion = 1;
	classes = {
	};
	objectVersion = 50;
	objects = {

/* Begin PBXBuildFile section */
		B27FAC10252BAF7A00DE8115 /* AppDelegate.swift in Sources */ = {isa = PBXBuildFile; fileRef = B27FAC0F252BAF7A00DE8115 /* AppDelegate.swift */; };
		B27FAC12252BAF7A00DE8115 /* SceneDelegate.swift in Sources */ = {isa = PBXBuildFile; fileRef = B27FAC11252BAF7A00DE8115 /* SceneDelegate.swift */; };
		B27FAC19252BAF7D00DE8115 /* Assets.xcassets in Resources */ = {isa = PBXBuildFile; fileRef = B27FAC18252BAF7D00DE8115 /* Assets.xcassets */; };
		B27FAC1C252BAF7D00DE8115 /* LaunchScreen.storyboard in Resources */ = {isa = PBXBuildFile; fileRef = B27FAC1A252BAF7D00DE8115 /* LaunchScreen.storyboard */; };
		B27FAC27252BAF7E00DE8115 /* RedditClientTests.swift in Sources */ = {isa = PBXBuildFile; fileRef = B27FAC26252BAF7E00DE8115 /* RedditClientTests.swift */; };
		B27FAC32252BAF7E00DE8115 /* RedditClientUITests.swift in Sources */ = {isa = PBXBuildFile; fileRef = B27FAC31252BAF7E00DE8115 /* RedditClientUITests.swift */; };
/* End PBXBuildFile section */

/* Begin PBXContainerItemProxy section */
		B27FAC23252BAF7E00DE8115 /* PBXContainerItemProxy */ = {
			isa = PBXContainerItemProxy;
			containerPortal = B27FAC04252BAF7A00DE8115 /* Project object */;
			proxyType = 1;
			remoteGlobalIDString = B27FAC0B252BAF7A00DE8115;
			remoteInfo = RedditClient;
		};
		B27FAC2E252BAF7E00DE8115 /* PBXContainerItemProxy */ = {
			isa = PBXContainerItemProxy;
			containerPortal = B27FAC04252BAF7A00DE8115 /* Project object */;
			proxyType = 1;
			remoteGlobalIDString = B27FAC0B252BAF7A00DE8115;
			remoteInfo = RedditClient;
		};
/* End PBXContainerItemProxy section */

/* Begin PBXFileReference section */
		B27FAC0C252BAF7A00DE8115 /* RedditClient.app */ = {isa = PBXFileReference; explicitFileType = wrapper.application; includeInIndex = 0; path = RedditClient.app; sourceTree = BUILT_PRODUCTS_DIR; };
		B27FAC0F252BAF7A00DE8115 /* AppDelegate.swift */ = {isa = PBXFileReference; lastKnownFileType = sourcecode.swift; path = AppDelegate.swift; sourceTree = "<group>"; };
		B27FAC11252BAF7A00DE8115 /* SceneDelegate.swift */ = {isa = PBXFileReference; lastKnownFileType = sourcecode.swift; path = SceneDelegate.swift; sourceTree = "<group>"; };
		B27FAC18252BAF7D00DE8115 /* Assets.xcassets */ = {isa = PBXFileReference; lastKnownFileType = folder.assetcatalog; path = Assets.xcassets; sourceTree = "<group>"; };
		B27FAC1B252BAF7D00DE8115 /* Base */ = {isa = PBXFileReference; lastKnownFileType = file.storyboard; name = Base; path = Base.lproj/LaunchScreen.storyboard; sourceTree = "<group>"; };
		B27FAC1D252BAF7D00DE8115 /* Info.plist */ = {isa = PBXFileReference; lastKnownFileType = text.plist.xml; path = Info.plist; sourceTree = "<group>"; };
		B27FAC22252BAF7E00DE8115 /* RedditClientTests.xctest */ = {isa = PBXFileReference; explicitFileType = wrapper.cfbundle; includeInIndex = 0; path = RedditClientTests.xctest; sourceTree = BUILT_PRODUCTS_DIR; };
		B27FAC26252BAF7E00DE8115 /* RedditClientTests.swift */ = {isa = PBXFileReference; lastKnownFileType = sourcecode.swift; path = RedditClientTests.swift; sourceTree = "<group>"; };
		B27FAC28252BAF7E00DE8115 /* Info.plist */ = {isa = PBXFileReference; lastKnownFileType = text.plist.xml; path = Info.plist; sourceTree = "<group>"; };
		B27FAC2D252BAF7E00DE8115 /* RedditClientUITests.xctest */ = {isa = PBXFileReference; explicitFileType = wrapper.cfbundle; includeInIndex = 0; path = RedditClientUITests.xctest; sourceTree = BUILT_PRODUCTS_DIR; };
		B27FAC31252BAF7E00DE8115 /* RedditClientUITests.swift */ = {isa = PBXFileReference; lastKnownFileType = sourcecode.swift; path = RedditClientUITests.swift; sourceTree = "<group>"; };
		B27FAC33252BAF7E00DE8115 /* Info.plist */ = {isa = PBXFileReference; lastKnownFileType = text.plist.xml; path = Info.plist; sourceTree = "<group>"; };
/* End PBXFileReference section */

/* Begin PBXFrameworksBuildPhase section */
		B27FAC09252BAF7A00DE8115 /* Frameworks */ = {
			isa = PBXFrameworksBuildPhase;
			buildActionMask = 2147483647;
			files = (
			);
			runOnlyForDeploymentPostprocessing = 0;
		};
		B27FAC1F252BAF7E00DE8115 /* Frameworks */ = {
			isa = PBXFrameworksBuildPhase;
			buildActionMask = 2147483647;
			files = (
			);
			runOnlyForDeploymentPostprocessing = 0;
		};
		B27FAC2A252BAF7E00DE8115 /* Frameworks */ = {
			isa = PBXFrameworksBuildPhase;
			buildActionMask = 2147483647;
			files = (
			);
			runOnlyForDeploymentPostprocessing = 0;
		};
/* End PBXFrameworksBuildPhase section */

/* Begin PBXGroup section */
		B27FAC03252BAF7A00DE8115 = {
			isa = PBXGroup;
			children = (
				B27FAC0E252BAF7A00DE8115 /* RedditClient */,
				B27FAC25252BAF7E00DE8115 /* RedditClientTests */,
				B27FAC30252BAF7E00DE8115 /* RedditClientUITests */,
				B27FAC0D252BAF7A00DE8115 /* Products */,
			);
			sourceTree = "<group>";
		};
		B27FAC0D252BAF7A00DE8115 /* Products */ = {
			isa = PBXGroup;
			children = (
				B27FAC0C252BAF7A00DE8115 /* RedditClient.app */,
				B27FAC22252BAF7E00DE8115 /* RedditClientTests.xctest */,
				B27FAC2D252BAF7E00DE8115 /* RedditClientUITests.xctest */,
			);
			name = Products;
			sourceTree = "<group>";
		};
		B27FAC0E252BAF7A00DE8115 /* RedditClient */ = {
			isa = PBXGroup;
			children = (
				B27FAC45252BB0E600DE8115 /* Application */,
				B27FAC1D252BAF7D00DE8115 /* Info.plist */,
			);
			path = RedditClient;
			sourceTree = "<group>";
		};
		B27FAC25252BAF7E00DE8115 /* RedditClientTests */ = {
			isa = PBXGroup;
			children = (
				B27FAC26252BAF7E00DE8115 /* RedditClientTests.swift */,
				B27FAC28252BAF7E00DE8115 /* Info.plist */,
			);
			path = RedditClientTests;
			sourceTree = "<group>";
		};
		B27FAC30252BAF7E00DE8115 /* RedditClientUITests */ = {
			isa = PBXGroup;
			children = (
				B27FAC31252BAF7E00DE8115 /* RedditClientUITests.swift */,
				B27FAC33252BAF7E00DE8115 /* Info.plist */,
			);
			path = RedditClientUITests;
			sourceTree = "<group>";
		};
		B27FAC45252BB0E600DE8115 /* Application */ = {
			isa = PBXGroup;
			children = (
				B27FAC0F252BAF7A00DE8115 /* AppDelegate.swift */,
				B27FAC11252BAF7A00DE8115 /* SceneDelegate.swift */,
				B27FAC18252BAF7D00DE8115 /* Assets.xcassets */,
				B27FAC1A252BAF7D00DE8115 /* LaunchScreen.storyboard */,
			);
			path = Application;
			sourceTree = "<group>";
		};
/* End PBXGroup section */

/* Begin PBXNativeTarget section */
		B27FAC0B252BAF7A00DE8115 /* RedditClient */ = {
			isa = PBXNativeTarget;
			buildConfigurationList = B27FAC36252BAF7E00DE8115 /* Build configuration list for PBXNativeTarget "RedditClient" */;
			buildPhases = (
				B27FAC08252BAF7A00DE8115 /* Sources */,
				B27FAC09252BAF7A00DE8115 /* Frameworks */,
				B27FAC0A252BAF7A00DE8115 /* Resources */,
			);
			buildRules = (
			);
			dependencies = (
			);
			name = RedditClient;
			productName = RedditClient;
			productReference = B27FAC0C252BAF7A00DE8115 /* RedditClient.app */;
			productType = "com.apple.product-type.application";
		};
		B27FAC21252BAF7E00DE8115 /* RedditClientTests */ = {
			isa = PBXNativeTarget;
			buildConfigurationList = B27FAC39252BAF7E00DE8115 /* Build configuration list for PBXNativeTarget "RedditClientTests" */;
			buildPhases = (
				B27FAC1E252BAF7E00DE8115 /* Sources */,
				B27FAC1F252BAF7E00DE8115 /* Frameworks */,
				B27FAC20252BAF7E00DE8115 /* Resources */,
			);
			buildRules = (
			);
			dependencies = (
				B27FAC24252BAF7E00DE8115 /* PBXTargetDependency */,
			);
			name = RedditClientTests;
			productName = RedditClientTests;
			productReference = B27FAC22252BAF7E00DE8115 /* RedditClientTests.xctest */;
			productType = "com.apple.product-type.bundle.unit-test";
		};
		B27FAC2C252BAF7E00DE8115 /* RedditClientUITests */ = {
			isa = PBXNativeTarget;
			buildConfigurationList = B27FAC3C252BAF7E00DE8115 /* Build configuration list for PBXNativeTarget "RedditClientUITests" */;
			buildPhases = (
				B27FAC29252BAF7E00DE8115 /* Sources */,
				B27FAC2A252BAF7E00DE8115 /* Frameworks */,
				B27FAC2B252BAF7E00DE8115 /* Resources */,
			);
			buildRules = (
			);
			dependencies = (
				B27FAC2F252BAF7E00DE8115 /* PBXTargetDependency */,
			);
			name = RedditClientUITests;
			productName = RedditClientUITests;
			productReference = B27FAC2D252BAF7E00DE8115 /* RedditClientUITests.xctest */;
			productType = "com.apple.product-type.bundle.ui-testing";
		};
/* End PBXNativeTarget section */

/* Begin PBXProject section */
		B27FAC04252BAF7A00DE8115 /* Project object */ = {
			isa = PBXProject;
			attributes = {
				LastSwiftUpdateCheck = 1200;
				LastUpgradeCheck = 1200;
				TargetAttributes = {
					B27FAC0B252BAF7A00DE8115 = {
						CreatedOnToolsVersion = 12.0.1;
					};
					B27FAC21252BAF7E00DE8115 = {
						CreatedOnToolsVersion = 12.0.1;
						TestTargetID = B27FAC0B252BAF7A00DE8115;
					};
					B27FAC2C252BAF7E00DE8115 = {
						CreatedOnToolsVersion = 12.0.1;
						TestTargetID = B27FAC0B252BAF7A00DE8115;
					};
				};
			};
			buildConfigurationList = B27FAC07252BAF7A00DE8115 /* Build configuration list for PBXProject "RedditClient" */;
			compatibilityVersion = "Xcode 9.3";
			developmentRegion = en;
			hasScannedForEncodings = 0;
			knownRegions = (
				en,
				Base,
			);
			mainGroup = B27FAC03252BAF7A00DE8115;
			productRefGroup = B27FAC0D252BAF7A00DE8115 /* Products */;
			projectDirPath = "";
			projectRoot = "";
			targets = (
				B27FAC0B252BAF7A00DE8115 /* RedditClient */,
				B27FAC21252BAF7E00DE8115 /* RedditClientTests */,
				B27FAC2C252BAF7E00DE8115 /* RedditClientUITests */,
			);
		};
/* End PBXProject section */

/* Begin PBXResourcesBuildPhase section */
		B27FAC0A252BAF7A00DE8115 /* Resources */ = {
			isa = PBXResourcesBuildPhase;
			buildActionMask = 2147483647;
			files = (
				B27FAC1C252BAF7D00DE8115 /* LaunchScreen.storyboard in Resources */,
				B27FAC19252BAF7D00DE8115 /* Assets.xcassets in Resources */,
			);
			runOnlyForDeploymentPostprocessing = 0;
		};
		B27FAC20252BAF7E00DE8115 /* Resources */ = {
			isa = PBXResourcesBuildPhase;
			buildActionMask = 2147483647;
			files = (
			);
			runOnlyForDeploymentPostprocessing = 0;
		};
		B27FAC2B252BAF7E00DE8115 /* Resources */ = {
			isa = PBXResourcesBuildPhase;
			buildActionMask = 2147483647;
			files = (
			);
			runOnlyForDeploymentPostprocessing = 0;
		};
/* End PBXResourcesBuildPhase section */

/* Begin PBXSourcesBuildPhase section */
		B27FAC08252BAF7A00DE8115 /* Sources */ = {
			isa = PBXSourcesBuildPhase;
			buildActionMask = 2147483647;
			files = (
				B27FAC10252BAF7A00DE8115 /* AppDelegate.swift in Sources */,
				B27FAC12252BAF7A00DE8115 /* SceneDelegate.swift in Sources */,
			);
			runOnlyForDeploymentPostprocessing = 0;
		};
		B27FAC1E252BAF7E00DE8115 /* Sources */ = {
			isa = PBXSourcesBuildPhase;
			buildActionMask = 2147483647;
			files = (
				B27FAC27252BAF7E00DE8115 /* RedditClientTests.swift in Sources */,
			);
			runOnlyForDeploymentPostprocessing = 0;
		};
		B27FAC29252BAF7E00DE8115 /* Sources */ = {
			isa = PBXSourcesBuildPhase;
			buildActionMask = 2147483647;
			files = (
				B27FAC32252BAF7E00DE8115 /* RedditClientUITests.swift in Sources */,
			);
			runOnlyForDeploymentPostprocessing = 0;
		};
/* End PBXSourcesBuildPhase section */

/* Begin PBXTargetDependency section */
		B27FAC24252BAF7E00DE8115 /* PBXTargetDependency */ = {
			isa = PBXTargetDependency;
			target = B27FAC0B252BAF7A00DE8115 /* RedditClient */;
			targetProxy = B27FAC23252BAF7E00DE8115 /* PBXContainerItemProxy */;
		};
		B27FAC2F252BAF7E00DE8115 /* PBXTargetDependency */ = {
			isa = PBXTargetDependency;
			target = B27FAC0B252BAF7A00DE8115 /* RedditClient */;
			targetProxy = B27FAC2E252BAF7E00DE8115 /* PBXContainerItemProxy */;
		};
/* End PBXTargetDependency section */

/* Begin PBXVariantGroup section */
		B27FAC1A252BAF7D00DE8115 /* LaunchScreen.storyboard */ = {
			isa = PBXVariantGroup;
			children = (
				B27FAC1B252BAF7D00DE8115 /* Base */,
			);
			name = LaunchScreen.storyboard;
			sourceTree = "<group>";
		};
/* End PBXVariantGroup section */

/* Begin XCBuildConfiguration section */
		B27FAC34252BAF7E00DE8115 /* Debug */ = {
			isa = XCBuildConfiguration;
			buildSettings = {
				ALWAYS_SEARCH_USER_PATHS = NO;
				CLANG_ANALYZER_NONNULL = YES;
				CLANG_ANALYZER_NUMBER_OBJECT_CONVERSION = YES_AGGRESSIVE;
				CLANG_CXX_LANGUAGE_STANDARD = "gnu++14";
				CLANG_CXX_LIBRARY = "libc++";
				CLANG_ENABLE_MODULES = YES;
				CLANG_ENABLE_OBJC_ARC = YES;
				CLANG_ENABLE_OBJC_WEAK = YES;
				CLANG_WARN_BLOCK_CAPTURE_AUTORELEASING = YES;
				CLANG_WARN_BOOL_CONVERSION = YES;
				CLANG_WARN_COMMA = YES;
				CLANG_WARN_CONSTANT_CONVERSION = YES;
				CLANG_WARN_DEPRECATED_OBJC_IMPLEMENTATIONS = YES;
				CLANG_WARN_DIRECT_OBJC_ISA_USAGE = YES_ERROR;
				CLANG_WARN_DOCUMENTATION_COMMENTS = YES;
				CLANG_WARN_EMPTY_BODY = YES;
				CLANG_WARN_ENUM_CONVERSION = YES;
				CLANG_WARN_INFINITE_RECURSION = YES;
				CLANG_WARN_INT_CONVERSION = YES;
				CLANG_WARN_NON_LITERAL_NULL_CONVERSION = YES;
				CLANG_WARN_OBJC_IMPLICIT_RETAIN_SELF = YES;
				CLANG_WARN_OBJC_LITERAL_CONVERSION = YES;
				CLANG_WARN_OBJC_ROOT_CLASS = YES_ERROR;
				CLANG_WARN_QUOTED_INCLUDE_IN_FRAMEWORK_HEADER = YES;
				CLANG_WARN_RANGE_LOOP_ANALYSIS = YES;
				CLANG_WARN_STRICT_PROTOTYPES = YES;
				CLANG_WARN_SUSPICIOUS_MOVE = YES;
				CLANG_WARN_UNGUARDED_AVAILABILITY = YES_AGGRESSIVE;
				CLANG_WARN_UNREACHABLE_CODE = YES;
				CLANG_WARN__DUPLICATE_METHOD_MATCH = YES;
				COPY_PHASE_STRIP = NO;
				DEBUG_INFORMATION_FORMAT = dwarf;
				ENABLE_STRICT_OBJC_MSGSEND = YES;
				ENABLE_TESTABILITY = YES;
				GCC_C_LANGUAGE_STANDARD = gnu11;
				GCC_DYNAMIC_NO_PIC = NO;
				GCC_NO_COMMON_BLOCKS = YES;
				GCC_OPTIMIZATION_LEVEL = 0;
				GCC_PREPROCESSOR_DEFINITIONS = (
					"DEBUG=1",
					"$(inherited)",
				);
				GCC_WARN_64_TO_32_BIT_CONVERSION = YES;
				GCC_WARN_ABOUT_RETURN_TYPE = YES_ERROR;
				GCC_WARN_UNDECLARED_SELECTOR = YES;
				GCC_WARN_UNINITIALIZED_AUTOS = YES_AGGRESSIVE;
				GCC_WARN_UNUSED_FUNCTION = YES;
				GCC_WARN_UNUSED_VARIABLE = YES;
				IPHONEOS_DEPLOYMENT_TARGET = 14.0;
				MTL_ENABLE_DEBUG_INFO = INCLUDE_SOURCE;
				MTL_FAST_MATH = YES;
				ONLY_ACTIVE_ARCH = YES;
				SDKROOT = iphoneos;
				SWIFT_ACTIVE_COMPILATION_CONDITIONS = DEBUG;
				SWIFT_OPTIMIZATION_LEVEL = "-Onone";
			};
			name = Debug;
		};
		B27FAC35252BAF7E00DE8115 /* Release */ = {
			isa = XCBuildConfiguration;
			buildSettings = {
				ALWAYS_SEARCH_USER_PATHS = NO;
				CLANG_ANALYZER_NONNULL = YES;
				CLANG_ANALYZER_NUMBER_OBJECT_CONVERSION = YES_AGGRESSIVE;
				CLANG_CXX_LANGUAGE_STANDARD = "gnu++14";
				CLANG_CXX_LIBRARY = "libc++";
				CLANG_ENABLE_MODULES = YES;
				CLANG_ENABLE_OBJC_ARC = YES;
				CLANG_ENABLE_OBJC_WEAK = YES;
				CLANG_WARN_BLOCK_CAPTURE_AUTORELEASING = YES;
				CLANG_WARN_BOOL_CONVERSION = YES;
				CLANG_WARN_COMMA = YES;
				CLANG_WARN_CONSTANT_CONVERSION = YES;
				CLANG_WARN_DEPRECATED_OBJC_IMPLEMENTATIONS = YES;
				CLANG_WARN_DIRECT_OBJC_ISA_USAGE = YES_ERROR;
				CLANG_WARN_DOCUMENTATION_COMMENTS = YES;
				CLANG_WARN_EMPTY_BODY = YES;
				CLANG_WARN_ENUM_CONVERSION = YES;
				CLANG_WARN_INFINITE_RECURSION = YES;
				CLANG_WARN_INT_CONVERSION = YES;
				CLANG_WARN_NON_LITERAL_NULL_CONVERSION = YES;
				CLANG_WARN_OBJC_IMPLICIT_RETAIN_SELF = YES;
				CLANG_WARN_OBJC_LITERAL_CONVERSION = YES;
				CLANG_WARN_OBJC_ROOT_CLASS = YES_ERROR;
				CLANG_WARN_QUOTED_INCLUDE_IN_FRAMEWORK_HEADER = YES;
				CLANG_WARN_RANGE_LOOP_ANALYSIS = YES;
				CLANG_WARN_STRICT_PROTOTYPES = YES;
				CLANG_WARN_SUSPICIOUS_MOVE = YES;
				CLANG_WARN_UNGUARDED_AVAILABILITY = YES_AGGRESSIVE;
				CLANG_WARN_UNREACHABLE_CODE = YES;
				CLANG_WARN__DUPLICATE_METHOD_MATCH = YES;
				COPY_PHASE_STRIP = NO;
				DEBUG_INFORMATION_FORMAT = "dwarf-with-dsym";
				ENABLE_NS_ASSERTIONS = NO;
				ENABLE_STRICT_OBJC_MSGSEND = YES;
				GCC_C_LANGUAGE_STANDARD = gnu11;
				GCC_NO_COMMON_BLOCKS = YES;
				GCC_WARN_64_TO_32_BIT_CONVERSION = YES;
				GCC_WARN_ABOUT_RETURN_TYPE = YES_ERROR;
				GCC_WARN_UNDECLARED_SELECTOR = YES;
				GCC_WARN_UNINITIALIZED_AUTOS = YES_AGGRESSIVE;
				GCC_WARN_UNUSED_FUNCTION = YES;
				GCC_WARN_UNUSED_VARIABLE = YES;
				IPHONEOS_DEPLOYMENT_TARGET = 14.0;
				MTL_ENABLE_DEBUG_INFO = NO;
				MTL_FAST_MATH = YES;
				SDKROOT = iphoneos;
				SWIFT_COMPILATION_MODE = wholemodule;
				SWIFT_OPTIMIZATION_LEVEL = "-O";
				VALIDATE_PRODUCT = YES;
			};
			name = Release;
		};
		B27FAC37252BAF7E00DE8115 /* Debug */ = {
			isa = XCBuildConfiguration;
			buildSettings = {
				ASSETCATALOG_COMPILER_APPICON_NAME = AppIcon;
				ASSETCATALOG_COMPILER_GLOBAL_ACCENT_COLOR_NAME = AccentColor;
				CODE_SIGN_STYLE = Automatic;
				DEVELOPMENT_TEAM = 6KT99K9W6R;
				INFOPLIST_FILE = RedditClient/Info.plist;
				LD_RUNPATH_SEARCH_PATHS = (
					"$(inherited)",
					"@executable_path/Frameworks",
				);
				PRODUCT_BUNDLE_IDENTIFIER = f3rn4nd0.RedditClient;
				PRODUCT_NAME = "$(TARGET_NAME)";
				SWIFT_VERSION = 5.0;
				TARGETED_DEVICE_FAMILY = 1;
			};
			name = Debug;
		};
		B27FAC38252BAF7E00DE8115 /* Release */ = {
			isa = XCBuildConfiguration;
			buildSettings = {
				ASSETCATALOG_COMPILER_APPICON_NAME = AppIcon;
				ASSETCATALOG_COMPILER_GLOBAL_ACCENT_COLOR_NAME = AccentColor;
				CODE_SIGN_STYLE = Automatic;
				DEVELOPMENT_TEAM = 6KT99K9W6R;
				INFOPLIST_FILE = RedditClient/Info.plist;
				LD_RUNPATH_SEARCH_PATHS = (
					"$(inherited)",
					"@executable_path/Frameworks",
				);
				PRODUCT_BUNDLE_IDENTIFIER = f3rn4nd0.RedditClient;
				PRODUCT_NAME = "$(TARGET_NAME)";
				SWIFT_VERSION = 5.0;
				TARGETED_DEVICE_FAMILY = 1;
			};
			name = Release;
		};
		B27FAC3A252BAF7E00DE8115 /* Debug */ = {
			isa = XCBuildConfiguration;
			buildSettings = {
				ALWAYS_EMBED_SWIFT_STANDARD_LIBRARIES = YES;
				BUNDLE_LOADER = "$(TEST_HOST)";
				CODE_SIGN_STYLE = Automatic;
				DEVELOPMENT_TEAM = 6KT99K9W6R;
				INFOPLIST_FILE = RedditClientTests/Info.plist;
				IPHONEOS_DEPLOYMENT_TARGET = 14.0;
				LD_RUNPATH_SEARCH_PATHS = (
					"$(inherited)",
					"@executable_path/Frameworks",
					"@loader_path/Frameworks",
				);
				PRODUCT_BUNDLE_IDENTIFIER = f3rn4nd0.RedditClientTests;
				PRODUCT_NAME = "$(TARGET_NAME)";
				SWIFT_VERSION = 5.0;
				TARGETED_DEVICE_FAMILY = "1,2";
				TEST_HOST = "$(BUILT_PRODUCTS_DIR)/RedditClient.app/RedditClient";
			};
			name = Debug;
		};
		B27FAC3B252BAF7E00DE8115 /* Release */ = {
			isa = XCBuildConfiguration;
			buildSettings = {
				ALWAYS_EMBED_SWIFT_STANDARD_LIBRARIES = YES;
				BUNDLE_LOADER = "$(TEST_HOST)";
				CODE_SIGN_STYLE = Automatic;
				DEVELOPMENT_TEAM = 6KT99K9W6R;
				INFOPLIST_FILE = RedditClientTests/Info.plist;
				IPHONEOS_DEPLOYMENT_TARGET = 14.0;
				LD_RUNPATH_SEARCH_PATHS = (
					"$(inherited)",
					"@executable_path/Frameworks",
					"@loader_path/Frameworks",
				);
				PRODUCT_BUNDLE_IDENTIFIER = f3rn4nd0.RedditClientTests;
				PRODUCT_NAME = "$(TARGET_NAME)";
				SWIFT_VERSION = 5.0;
				TARGETED_DEVICE_FAMILY = "1,2";
				TEST_HOST = "$(BUILT_PRODUCTS_DIR)/RedditClient.app/RedditClient";
			};
			name = Release;
		};
		B27FAC3D252BAF7E00DE8115 /* Debug */ = {
			isa = XCBuildConfiguration;
			buildSettings = {
				ALWAYS_EMBED_SWIFT_STANDARD_LIBRARIES = YES;
				CODE_SIGN_STYLE = Automatic;
				DEVELOPMENT_TEAM = 6KT99K9W6R;
				INFOPLIST_FILE = RedditClientUITests/Info.plist;
				LD_RUNPATH_SEARCH_PATHS = (
					"$(inherited)",
					"@executable_path/Frameworks",
					"@loader_path/Frameworks",
				);
				PRODUCT_BUNDLE_IDENTIFIER = f3rn4nd0.RedditClientUITests;
				PRODUCT_NAME = "$(TARGET_NAME)";
				SWIFT_VERSION = 5.0;
				TARGETED_DEVICE_FAMILY = "1,2";
				TEST_TARGET_NAME = RedditClient;
			};
			name = Debug;
		};
		B27FAC3E252BAF7E00DE8115 /* Release */ = {
			isa = XCBuildConfiguration;
			buildSettings = {
				ALWAYS_EMBED_SWIFT_STANDARD_LIBRARIES = YES;
				CODE_SIGN_STYLE = Automatic;
				DEVELOPMENT_TEAM = 6KT99K9W6R;
				INFOPLIST_FILE = RedditClientUITests/Info.plist;
				LD_RUNPATH_SEARCH_PATHS = (
					"$(inherited)",
					"@executable_path/Frameworks",
					"@loader_path/Frameworks",
				);
				PRODUCT_BUNDLE_IDENTIFIER = f3rn4nd0.RedditClientUITests;
				PRODUCT_NAME = "$(TARGET_NAME)";
				SWIFT_VERSION = 5.0;
				TARGETED_DEVICE_FAMILY = "1,2";
				TEST_TARGET_NAME = RedditClient;
			};
			name = Release;
		};
/* End XCBuildConfiguration section */

/* Begin XCConfigurationList section */
		B27FAC07252BAF7A00DE8115 /* Build configuration list for PBXProject "RedditClient" */ = {
			isa = XCConfigurationList;
			buildConfigurations = (
				B27FAC34252BAF7E00DE8115 /* Debug */,
				B27FAC35252BAF7E00DE8115 /* Release */,
			);
			defaultConfigurationIsVisible = 0;
			defaultConfigurationName = Release;
		};
		B27FAC36252BAF7E00DE8115 /* Build configuration list for PBXNativeTarget "RedditClient" */ = {
			isa = XCConfigurationList;
			buildConfigurations = (
				B27FAC37252BAF7E00DE8115 /* Debug */,
				B27FAC38252BAF7E00DE8115 /* Release */,
			);
			defaultConfigurationIsVisible = 0;
			defaultConfigurationName = Release;
		};
		B27FAC39252BAF7E00DE8115 /* Build configuration list for PBXNativeTarget "RedditClientTests" */ = {
			isa = XCConfigurationList;
			buildConfigurations = (
				B27FAC3A252BAF7E00DE8115 /* Debug */,
				B27FAC3B252BAF7E00DE8115 /* Release */,
			);
			defaultConfigurationIsVisible = 0;
			defaultConfigurationName = Release;
		};
		B27FAC3C252BAF7E00DE8115 /* Build configuration list for PBXNativeTarget "RedditClientUITests" */ = {
			isa = XCConfigurationList;
			buildConfigurations = (
				B27FAC3D252BAF7E00DE8115 /* Debug */,
				B27FAC3E252BAF7E00DE8115 /* Release */,
			);
			defaultConfigurationIsVisible = 0;
			defaultConfigurationName = Release;
		};
/* End XCConfigurationList section */
	};
	rootObject = B27FAC04252BAF7A00DE8115 /* Project object */;
}
